
Microsoft Visual Studio Solution File, Format Version 12.00
# Visual Studio 15
VisualStudioVersion = 15.0.28307.271
MinimumVisualStudioVersion = 10.0.40219.1
Project("{8BC9CEB8-8B4A-11D0-8D11-00A0C91BC942}") = "SatisfyingText", "SatisfyingText\SatisfyingText.vcxproj", "{DA405AE8-FDB3-4DE5-9DDA-56A2C548BA6F}"
EndProject
Global
	GlobalSection(SolutionConfigurationPlatforms) = preSolution
		Debug|x64 = Debug|x64
		Debug|x86 = Debug|x86
		Release|x64 = Release|x64
		Release|x86 = Release|x86
	EndGlobalSection
	GlobalSection(ProjectConfigurationPlatforms) = postSolution
		{DA405AE8-FDB3-4DE5-9DDA-56A2C548BA6F}.Debug|x64.ActiveCfg = Debug|x64
		{DA405AE8-FDB3-4DE5-9DDA-56A2C548BA6F}.Debug|x64.Build.0 = Debug|x64
		{DA405AE8-FDB3-4DE5-9DDA-56A2C548BA6F}.Debug|x86.ActiveCfg = Debug|Win32
		{DA405AE8-FDB3-4DE5-9DDA-56A2C548BA6F}.Debug|x86.Build.0 = Debug|Win32
		{DA405AE8-FDB3-4DE5-9DDA-56A2C548BA6F}.Release|x64.ActiveCfg = Release|x64
		{DA405AE8-FDB3-4DE5-9DDA-56A2C548BA6F}.Release|x64.Build.0 = Release|x64
		{DA405AE8-FDB3-4DE5-9DDA-56A2C548BA6F}.Release|x86.ActiveCfg = Release|Win32
		{DA405AE8-FDB3-4DE5-9DDA-56A2C548BA6F}.Release|x86.Build.0 = Release|Win32
	EndGlobalSection
	GlobalSection(SolutionProperties) = preSolution
		HideSolutionNode = FALSE
	EndGlobalSection
	GlobalSection(ExtensibilityGlobals) = postSolution
		SolutionGuid = {5EC52F5E-ECA5-4B9E-8C62-832952A277C7}
	EndGlobalSection
EndGlobal
